// !$*UTF8*$!
{
	archiveVersion = 1;
	classes = {
	};
	objectVersion = 51;
	objects = {

/* Begin PBXBuildFile section */
		32FAF881E0F08D1C1807576D /* Pods_RGG_DigitalTests.framework in Frameworks */ = {isa = PBXBuildFile; fileRef = 00A68C4B61C8307DE93A353E /* Pods_RGG_DigitalTests.framework */; };
		625B0BD6204FCF3163AB7ECC /* Pods_RGG_Digital.framework in Frameworks */ = {isa = PBXBuildFile; fileRef = 2539B1402EF5D8578534BBF1 /* Pods_RGG_Digital.framework */; };
		CBE0742307C648C3DA2A6395 /* Pods_RGG_Digital_RGG_DigitalUITests.framework in Frameworks */ = {isa = PBXBuildFile; fileRef = B61143BE94E0E27F99B6BABE /* Pods_RGG_Digital_RGG_DigitalUITests.framework */; };
		CC42A26223D08529007DE8C1 /* SignInViewController.swift in Sources */ = {isa = PBXBuildFile; fileRef = CC42A26123D08529007DE8C1 /* SignInViewController.swift */; };
		CC42A26723D08FB2007DE8C1 /* Utilities.swift in Sources */ = {isa = PBXBuildFile; fileRef = CC42A26623D08FB2007DE8C1 /* Utilities.swift */; };
		CC960EA623D5B9BC0084754B /* Constants.swift in Sources */ = {isa = PBXBuildFile; fileRef = CC960EA523D5B9BC0084754B /* Constants.swift */; };
		CC984057236467AA00246233 /* AppDelegate.swift in Sources */ = {isa = PBXBuildFile; fileRef = CC984056236467AA00246233 /* AppDelegate.swift */; };
		CC984059236467AA00246233 /* SceneDelegate.swift in Sources */ = {isa = PBXBuildFile; fileRef = CC984058236467AA00246233 /* SceneDelegate.swift */; };
		CC98405B236467AA00246233 /* HomeViewController.swift in Sources */ = {isa = PBXBuildFile; fileRef = CC98405A236467AA00246233 /* HomeViewController.swift */; };
		CC98405D236467AA00246233 /* NotifcationsViewController.swift in Sources */ = {isa = PBXBuildFile; fileRef = CC98405C236467AA00246233 /* NotifcationsViewController.swift */; };
		CC984060236467AA00246233 /* Main.storyboard in Resources */ = {isa = PBXBuildFile; fileRef = CC98405E236467AA00246233 /* Main.storyboard */; };
		CC984062236467B000246233 /* Assets.xcassets in Resources */ = {isa = PBXBuildFile; fileRef = CC984061236467B000246233 /* Assets.xcassets */; };
		CC984065236467B000246233 /* LaunchScreen.storyboard in Resources */ = {isa = PBXBuildFile; fileRef = CC984063236467B000246233 /* LaunchScreen.storyboard */; };
		CC984070236467B000246233 /* RGG_DigitalTests.swift in Sources */ = {isa = PBXBuildFile; fileRef = CC98406F236467B000246233 /* RGG_DigitalTests.swift */; };
		CC98407B236467B000246233 /* RGG_DigitalUITests.swift in Sources */ = {isa = PBXBuildFile; fileRef = CC98407A236467B000246233 /* RGG_DigitalUITests.swift */; };
		CC9840CB236470B200246233 /* MediaViewController.swift in Sources */ = {isa = PBXBuildFile; fileRef = CC9840CA236470B200246233 /* MediaViewController.swift */; };
		CC9840CC236470B200246233 /* MediaViewController.swift in Sources */ = {isa = PBXBuildFile; fileRef = CC9840CA236470B200246233 /* MediaViewController.swift */; };
		CC9840CD236470B200246233 /* MediaViewController.swift in Sources */ = {isa = PBXBuildFile; fileRef = CC9840CA236470B200246233 /* MediaViewController.swift */; };
		CC9840CF236470DC00246233 /* LoginViewController.swift in Sources */ = {isa = PBXBuildFile; fileRef = CC9840CE236470DC00246233 /* LoginViewController.swift */; };
		CC9840D0236470DC00246233 /* LoginViewController.swift in Sources */ = {isa = PBXBuildFile; fileRef = CC9840CE236470DC00246233 /* LoginViewController.swift */; };
		CC9840D1236470DC00246233 /* LoginViewController.swift in Sources */ = {isa = PBXBuildFile; fileRef = CC9840CE236470DC00246233 /* LoginViewController.swift */; };
		CC9840D3236470FE00246233 /* RegisterViewController.swift in Sources */ = {isa = PBXBuildFile; fileRef = CC9840D2236470FE00246233 /* RegisterViewController.swift */; };
		CC9840D4236470FE00246233 /* RegisterViewController.swift in Sources */ = {isa = PBXBuildFile; fileRef = CC9840D2236470FE00246233 /* RegisterViewController.swift */; };
		CC9840D5236470FE00246233 /* RegisterViewController.swift in Sources */ = {isa = PBXBuildFile; fileRef = CC9840D2236470FE00246233 /* RegisterViewController.swift */; };
		CC9840D72364796100246233 /* SettingsViewController.swift in Sources */ = {isa = PBXBuildFile; fileRef = CC9840D62364796100246233 /* SettingsViewController.swift */; };
		CC9840D82364796100246233 /* SettingsViewController.swift in Sources */ = {isa = PBXBuildFile; fileRef = CC9840D62364796100246233 /* SettingsViewController.swift */; };
		CC9840D92364796100246233 /* SettingsViewController.swift in Sources */ = {isa = PBXBuildFile; fileRef = CC9840D62364796100246233 /* SettingsViewController.swift */; };
		CC9840DB2364894D00246233 /* DesignableView.swift in Sources */ = {isa = PBXBuildFile; fileRef = CC9840DA2364894D00246233 /* DesignableView.swift */; };
		CC9840DC2364894D00246233 /* DesignableView.swift in Sources */ = {isa = PBXBuildFile; fileRef = CC9840DA2364894D00246233 /* DesignableView.swift */; };
		CC9840DD2364894D00246233 /* DesignableView.swift in Sources */ = {isa = PBXBuildFile; fileRef = CC9840DA2364894D00246233 /* DesignableView.swift */; };
		CCB5171523F2C7F600C84207 /* GoogleService-Info.plist in Resources */ = {isa = PBXBuildFile; fileRef = CCB5171423F2C7F600C84207 /* GoogleService-Info.plist */; };
		CCBD043C23D889D000F20457 /* HelperExtensions.swift in Sources */ = {isa = PBXBuildFile; fileRef = CCBD043B23D889D000F20457 /* HelperExtensions.swift */; };
/* End PBXBuildFile section */

/* Begin PBXContainerItemProxy section */
		CC98406C236467B000246233 /* PBXContainerItemProxy */ = {
			isa = PBXContainerItemProxy;
			containerPortal = CC98404B236467AA00246233 /* Project object */;
			proxyType = 1;
			remoteGlobalIDString = CC984052236467AA00246233;
			remoteInfo = RGG_Digital;
		};
		CC984077236467B000246233 /* PBXContainerItemProxy */ = {
			isa = PBXContainerItemProxy;
			containerPortal = CC98404B236467AA00246233 /* Project object */;
			proxyType = 1;
			remoteGlobalIDString = CC984052236467AA00246233;
			remoteInfo = RGG_Digital;
		};
/* End PBXContainerItemProxy section */

/* Begin PBXFileReference section */
		00A68C4B61C8307DE93A353E /* Pods_RGG_DigitalTests.framework */ = {isa = PBXFileReference; explicitFileType = wrapper.framework; includeInIndex = 0; path = Pods_RGG_DigitalTests.framework; sourceTree = BUILT_PRODUCTS_DIR; };
		2539B1402EF5D8578534BBF1 /* Pods_RGG_Digital.framework */ = {isa = PBXFileReference; explicitFileType = wrapper.framework; includeInIndex = 0; path = Pods_RGG_Digital.framework; sourceTree = BUILT_PRODUCTS_DIR; };
		3B1B10A74DEE937CE4F52FDA /* Pods-RGG_Digital.debug.xcconfig */ = {isa = PBXFileReference; includeInIndex = 1; lastKnownFileType = text.xcconfig; name = "Pods-RGG_Digital.debug.xcconfig"; path = "Target Support Files/Pods-RGG_Digital/Pods-RGG_Digital.debug.xcconfig"; sourceTree = "<group>"; };
		5F28D5BCD3BCF0230259E2B7 /* Pods-RGG_DigitalTests.release.xcconfig */ = {isa = PBXFileReference; includeInIndex = 1; lastKnownFileType = text.xcconfig; name = "Pods-RGG_DigitalTests.release.xcconfig"; path = "Target Support Files/Pods-RGG_DigitalTests/Pods-RGG_DigitalTests.release.xcconfig"; sourceTree = "<group>"; };
		9AC87531A20142AD33D4F203 /* Pods-RGG_Digital-RGG_DigitalUITests.debug.xcconfig */ = {isa = PBXFileReference; includeInIndex = 1; lastKnownFileType = text.xcconfig; name = "Pods-RGG_Digital-RGG_DigitalUITests.debug.xcconfig"; path = "Target Support Files/Pods-RGG_Digital-RGG_DigitalUITests/Pods-RGG_Digital-RGG_DigitalUITests.debug.xcconfig"; sourceTree = "<group>"; };
		B3131B0561628832CCDCBCC7 /* Pods-RGG_Digital.release.xcconfig */ = {isa = PBXFileReference; includeInIndex = 1; lastKnownFileType = text.xcconfig; name = "Pods-RGG_Digital.release.xcconfig"; path = "Target Support Files/Pods-RGG_Digital/Pods-RGG_Digital.release.xcconfig"; sourceTree = "<group>"; };
		B61143BE94E0E27F99B6BABE /* Pods_RGG_Digital_RGG_DigitalUITests.framework */ = {isa = PBXFileReference; explicitFileType = wrapper.framework; includeInIndex = 0; path = Pods_RGG_Digital_RGG_DigitalUITests.framework; sourceTree = BUILT_PRODUCTS_DIR; };
		CC42A26123D08529007DE8C1 /* SignInViewController.swift */ = {isa = PBXFileReference; lastKnownFileType = sourcecode.swift; path = SignInViewController.swift; sourceTree = "<group>"; };
		CC42A26623D08FB2007DE8C1 /* Utilities.swift */ = {isa = PBXFileReference; lastKnownFileType = sourcecode.swift; path = Utilities.swift; sourceTree = "<group>"; };
		CC960EA523D5B9BC0084754B /* Constants.swift */ = {isa = PBXFileReference; lastKnownFileType = sourcecode.swift; path = Constants.swift; sourceTree = "<group>"; };
		CC984053236467AA00246233 /* RGG_Digital.app */ = {isa = PBXFileReference; explicitFileType = wrapper.application; includeInIndex = 0; path = RGG_Digital.app; sourceTree = BUILT_PRODUCTS_DIR; };
		CC984056236467AA00246233 /* AppDelegate.swift */ = {isa = PBXFileReference; lastKnownFileType = sourcecode.swift; path = AppDelegate.swift; sourceTree = "<group>"; };
		CC984058236467AA00246233 /* SceneDelegate.swift */ = {isa = PBXFileReference; lastKnownFileType = sourcecode.swift; path = SceneDelegate.swift; sourceTree = "<group>"; };
		CC98405A236467AA00246233 /* HomeViewController.swift */ = {isa = PBXFileReference; lastKnownFileType = sourcecode.swift; path = HomeViewController.swift; sourceTree = "<group>"; };
		CC98405C236467AA00246233 /* NotifcationsViewController.swift */ = {isa = PBXFileReference; lastKnownFileType = sourcecode.swift; path = NotifcationsViewController.swift; sourceTree = "<group>"; };
		CC98405F236467AA00246233 /* Base */ = {isa = PBXFileReference; lastKnownFileType = file.storyboard; name = Base; path = Base.lproj/Main.storyboard; sourceTree = "<group>"; };
		CC984061236467B000246233 /* Assets.xcassets */ = {isa = PBXFileReference; lastKnownFileType = folder.assetcatalog; path = Assets.xcassets; sourceTree = "<group>"; };
		CC984064236467B000246233 /* Base */ = {isa = PBXFileReference; lastKnownFileType = file.storyboard; name = Base; path = Base.lproj/LaunchScreen.storyboard; sourceTree = "<group>"; };
		CC984066236467B000246233 /* Info.plist */ = {isa = PBXFileReference; lastKnownFileType = text.plist.xml; path = Info.plist; sourceTree = "<group>"; };
		CC98406B236467B000246233 /* RGG_DigitalTests.xctest */ = {isa = PBXFileReference; explicitFileType = wrapper.cfbundle; includeInIndex = 0; path = RGG_DigitalTests.xctest; sourceTree = BUILT_PRODUCTS_DIR; };
		CC98406F236467B000246233 /* RGG_DigitalTests.swift */ = {isa = PBXFileReference; lastKnownFileType = sourcecode.swift; path = RGG_DigitalTests.swift; sourceTree = "<group>"; };
		CC984071236467B000246233 /* Info.plist */ = {isa = PBXFileReference; lastKnownFileType = text.plist.xml; path = Info.plist; sourceTree = "<group>"; };
		CC984076236467B000246233 /* RGG_DigitalUITests.xctest */ = {isa = PBXFileReference; explicitFileType = wrapper.cfbundle; includeInIndex = 0; path = RGG_DigitalUITests.xctest; sourceTree = BUILT_PRODUCTS_DIR; };
		CC98407A236467B000246233 /* RGG_DigitalUITests.swift */ = {isa = PBXFileReference; lastKnownFileType = sourcecode.swift; path = RGG_DigitalUITests.swift; sourceTree = "<group>"; };
		CC98407C236467B000246233 /* Info.plist */ = {isa = PBXFileReference; lastKnownFileType = text.plist.xml; path = Info.plist; sourceTree = "<group>"; };
		CC9840CA236470B200246233 /* MediaViewController.swift */ = {isa = PBXFileReference; lastKnownFileType = sourcecode.swift; path = MediaViewController.swift; sourceTree = "<group>"; };
		CC9840CE236470DC00246233 /* LoginViewController.swift */ = {isa = PBXFileReference; lastKnownFileType = sourcecode.swift; path = LoginViewController.swift; sourceTree = "<group>"; };
		CC9840D2236470FE00246233 /* RegisterViewController.swift */ = {isa = PBXFileReference; lastKnownFileType = sourcecode.swift; path = RegisterViewController.swift; sourceTree = "<group>"; };
		CC9840D62364796100246233 /* SettingsViewController.swift */ = {isa = PBXFileReference; lastKnownFileType = sourcecode.swift; path = SettingsViewController.swift; sourceTree = "<group>"; };
		CC9840DA2364894D00246233 /* DesignableView.swift */ = {isa = PBXFileReference; lastKnownFileType = sourcecode.swift; path = DesignableView.swift; sourceTree = "<group>"; };
		CCB5171423F2C7F600C84207 /* GoogleService-Info.plist */ = {isa = PBXFileReference; fileEncoding = 4; lastKnownFileType = text.plist.xml; name = "GoogleService-Info.plist"; path = "../../../Downloads/GoogleService-Info.plist"; sourceTree = "<group>"; };
		CCBD043B23D889D000F20457 /* HelperExtensions.swift */ = {isa = PBXFileReference; lastKnownFileType = sourcecode.swift; path = HelperExtensions.swift; sourceTree = "<group>"; };
		E6AA47FC5FB1D8FDFB0294DE /* Pods-RGG_DigitalTests.debug.xcconfig */ = {isa = PBXFileReference; includeInIndex = 1; lastKnownFileType = text.xcconfig; name = "Pods-RGG_DigitalTests.debug.xcconfig"; path = "Target Support Files/Pods-RGG_DigitalTests/Pods-RGG_DigitalTests.debug.xcconfig"; sourceTree = "<group>"; };
		F17AF1809F61D269392D0F53 /* Pods-RGG_Digital-RGG_DigitalUITests.release.xcconfig */ = {isa = PBXFileReference; includeInIndex = 1; lastKnownFileType = text.xcconfig; name = "Pods-RGG_Digital-RGG_DigitalUITests.release.xcconfig"; path = "Target Support Files/Pods-RGG_Digital-RGG_DigitalUITests/Pods-RGG_Digital-RGG_DigitalUITests.release.xcconfig"; sourceTree = "<group>"; };
/* End PBXFileReference section */

/* Begin PBXFrameworksBuildPhase section */
		CC984050236467AA00246233 /* Frameworks */ = {
			isa = PBXFrameworksBuildPhase;
			buildActionMask = 2147483647;
			files = (
				625B0BD6204FCF3163AB7ECC /* Pods_RGG_Digital.framework in Frameworks */,
			);
			runOnlyForDeploymentPostprocessing = 0;
		};
		CC984068236467B000246233 /* Frameworks */ = {
			isa = PBXFrameworksBuildPhase;
			buildActionMask = 2147483647;
			files = (
				32FAF881E0F08D1C1807576D /* Pods_RGG_DigitalTests.framework in Frameworks */,
			);
			runOnlyForDeploymentPostprocessing = 0;
		};
		CC984073236467B000246233 /* Frameworks */ = {
			isa = PBXFrameworksBuildPhase;
			buildActionMask = 2147483647;
			files = (
				CBE0742307C648C3DA2A6395 /* Pods_RGG_Digital_RGG_DigitalUITests.framework in Frameworks */,
			);
			runOnlyForDeploymentPostprocessing = 0;
		};
/* End PBXFrameworksBuildPhase section */

/* Begin PBXGroup section */
		1BC99DAD6B3971D344E81692 /* Frameworks */ = {
			isa = PBXGroup;
			children = (
				2539B1402EF5D8578534BBF1 /* Pods_RGG_Digital.framework */,
				B61143BE94E0E27F99B6BABE /* Pods_RGG_Digital_RGG_DigitalUITests.framework */,
				00A68C4B61C8307DE93A353E /* Pods_RGG_DigitalTests.framework */,
			);
			name = Frameworks;
			sourceTree = "<group>";
		};
		CC42A26323D08F1D007DE8C1 /* utilities */ = {
			isa = PBXGroup;
			children = (
				CC42A26623D08FB2007DE8C1 /* Utilities.swift */,
				CC960EA523D5B9BC0084754B /* Constants.swift */,
			);
			path = utilities;
			sourceTree = "<group>";
		};
		CC98404A236467AA00246233 = {
			isa = PBXGroup;
			children = (
				CC984055236467AA00246233 /* RGG_Digital */,
				CC98406E236467B000246233 /* RGG_DigitalTests */,
				CC984079236467B000246233 /* RGG_DigitalUITests */,
				CC984054236467AA00246233 /* Products */,
				D11E984642CF1A70ABA732AE /* Pods */,
				1BC99DAD6B3971D344E81692 /* Frameworks */,
			);
			sourceTree = "<group>";
		};
		CC984054236467AA00246233 /* Products */ = {
			isa = PBXGroup;
			children = (
				CC984053236467AA00246233 /* RGG_Digital.app */,
				CC98406B236467B000246233 /* RGG_DigitalTests.xctest */,
				CC984076236467B000246233 /* RGG_DigitalUITests.xctest */,
			);
			name = Products;
			sourceTree = "<group>";
		};
		CC984055236467AA00246233 /* RGG_Digital */ = {
			isa = PBXGroup;
			children = (
				CCB5171423F2C7F600C84207 /* GoogleService-Info.plist */,
				CCBD043B23D889D000F20457 /* HelperExtensions.swift */,
				CC42A26323D08F1D007DE8C1 /* utilities */,
				CC984056236467AA00246233 /* AppDelegate.swift */,
				CC984058236467AA00246233 /* SceneDelegate.swift */,
				CC98405A236467AA00246233 /* HomeViewController.swift */,
				CC98405C236467AA00246233 /* NotifcationsViewController.swift */,
				CC98405E236467AA00246233 /* Main.storyboard */,
				CC9840DA2364894D00246233 /* DesignableView.swift */,
				CC984061236467B000246233 /* Assets.xcassets */,
				CC984063236467B000246233 /* LaunchScreen.storyboard */,
				CC984066236467B000246233 /* Info.plist */,
				CC9840CA236470B200246233 /* MediaViewController.swift */,
				CC9840CE236470DC00246233 /* LoginViewController.swift */,
				CC9840D2236470FE00246233 /* RegisterViewController.swift */,
				CC9840D62364796100246233 /* SettingsViewController.swift */,
				CC42A26123D08529007DE8C1 /* SignInViewController.swift */,
			);
			path = RGG_Digital;
			sourceTree = "<group>";
		};
		CC98406E236467B000246233 /* RGG_DigitalTests */ = {
			isa = PBXGroup;
			children = (
				CC98406F236467B000246233 /* RGG_DigitalTests.swift */,
				CC984071236467B000246233 /* Info.plist */,
			);
			path = RGG_DigitalTests;
			sourceTree = "<group>";
		};
		CC984079236467B000246233 /* RGG_DigitalUITests */ = {
			isa = PBXGroup;
			children = (
				CC98407A236467B000246233 /* RGG_DigitalUITests.swift */,
				CC98407C236467B000246233 /* Info.plist */,
			);
			path = RGG_DigitalUITests;
			sourceTree = "<group>";
		};
		D11E984642CF1A70ABA732AE /* Pods */ = {
			isa = PBXGroup;
			children = (
				3B1B10A74DEE937CE4F52FDA /* Pods-RGG_Digital.debug.xcconfig */,
				B3131B0561628832CCDCBCC7 /* Pods-RGG_Digital.release.xcconfig */,
				9AC87531A20142AD33D4F203 /* Pods-RGG_Digital-RGG_DigitalUITests.debug.xcconfig */,
				F17AF1809F61D269392D0F53 /* Pods-RGG_Digital-RGG_DigitalUITests.release.xcconfig */,
				E6AA47FC5FB1D8FDFB0294DE /* Pods-RGG_DigitalTests.debug.xcconfig */,
				5F28D5BCD3BCF0230259E2B7 /* Pods-RGG_DigitalTests.release.xcconfig */,
			);
			path = Pods;
			sourceTree = "<group>";
		};
/* End PBXGroup section */

/* Begin PBXNativeTarget section */
		CC984052236467AA00246233 /* RGG_Digital */ = {
			isa = PBXNativeTarget;
			buildConfigurationList = CC98407F236467B000246233 /* Build configuration list for PBXNativeTarget "RGG_Digital" */;
			buildPhases = (
				BA038F030288150114AC6948 /* [CP] Check Pods Manifest.lock */,
				CC98404F236467AA00246233 /* Sources */,
				CC984050236467AA00246233 /* Frameworks */,
				CC984051236467AA00246233 /* Resources */,
				E1A4EA03D8CB7B6815991134 /* [CP] Embed Pods Frameworks */,
			);
			buildRules = (
			);
			dependencies = (
			);
			name = RGG_Digital;
			productName = RGG_Digital;
			productReference = CC984053236467AA00246233 /* RGG_Digital.app */;
			productType = "com.apple.product-type.application";
		};
		CC98406A236467B000246233 /* RGG_DigitalTests */ = {
			isa = PBXNativeTarget;
			buildConfigurationList = CC984082236467B000246233 /* Build configuration list for PBXNativeTarget "RGG_DigitalTests" */;
			buildPhases = (
				7728258B4A8172905B6E055D /* [CP] Check Pods Manifest.lock */,
				CC984067236467B000246233 /* Sources */,
				CC984068236467B000246233 /* Frameworks */,
				CC984069236467B000246233 /* Resources */,
			);
			buildRules = (
			);
			dependencies = (
				CC98406D236467B000246233 /* PBXTargetDependency */,
			);
			name = RGG_DigitalTests;
			productName = RGG_DigitalTests;
			productReference = CC98406B236467B000246233 /* RGG_DigitalTests.xctest */;
			productType = "com.apple.product-type.bundle.unit-test";
		};
		CC984075236467B000246233 /* RGG_DigitalUITests */ = {
			isa = PBXNativeTarget;
			buildConfigurationList = CC984085236467B000246233 /* Build configuration list for PBXNativeTarget "RGG_DigitalUITests" */;
			buildPhases = (
				158EAAA9ABA8D32C3ECC49CF /* [CP] Check Pods Manifest.lock */,
				CC984072236467B000246233 /* Sources */,
				CC984073236467B000246233 /* Frameworks */,
				CC984074236467B000246233 /* Resources */,
				172B757ECE37D2ACF7878162 /* [CP] Embed Pods Frameworks */,
			);
			buildRules = (
			);
			dependencies = (
				CC984078236467B000246233 /* PBXTargetDependency */,
			);
			name = RGG_DigitalUITests;
			productName = RGG_DigitalUITests;
			productReference = CC984076236467B000246233 /* RGG_DigitalUITests.xctest */;
			productType = "com.apple.product-type.bundle.ui-testing";
		};
/* End PBXNativeTarget section */

/* Begin PBXProject section */
		CC98404B236467AA00246233 /* Project object */ = {
			isa = PBXProject;
			attributes = {
				LastSwiftUpdateCheck = 1110;
				LastUpgradeCheck = 1110;
				ORGANIZATIONNAME = "Xolani VILAKAZI";
				TargetAttributes = {
					CC984052236467AA00246233 = {
						CreatedOnToolsVersion = 11.1;
					};
					CC98406A236467B000246233 = {
						CreatedOnToolsVersion = 11.1;
						TestTargetID = CC984052236467AA00246233;
					};
					CC984075236467B000246233 = {
						CreatedOnToolsVersion = 11.1;
						TestTargetID = CC984052236467AA00246233;
					};
				};
			};
			buildConfigurationList = CC98404E236467AA00246233 /* Build configuration list for PBXProject "RGG_Digital" */;
			compatibilityVersion = "Xcode 9.3";
			developmentRegion = en;
			hasScannedForEncodings = 0;
			knownRegions = (
				en,
				Base,
			);
			mainGroup = CC98404A236467AA00246233;
			productRefGroup = CC984054236467AA00246233 /* Products */;
			projectDirPath = "";
			projectRoot = "";
			targets = (
				CC984052236467AA00246233 /* RGG_Digital */,
				CC98406A236467B000246233 /* RGG_DigitalTests */,
				CC984075236467B000246233 /* RGG_DigitalUITests */,
			);
		};
/* End PBXProject section */

/* Begin PBXResourcesBuildPhase section */
		CC984051236467AA00246233 /* Resources */ = {
			isa = PBXResourcesBuildPhase;
			buildActionMask = 2147483647;
			files = (
				CC984065236467B000246233 /* LaunchScreen.storyboard in Resources */,
				CCB5171523F2C7F600C84207 /* GoogleService-Info.plist in Resources */,
				CC984062236467B000246233 /* Assets.xcassets in Resources */,
				CC984060236467AA00246233 /* Main.storyboard in Resources */,
			);
			runOnlyForDeploymentPostprocessing = 0;
		};
		CC984069236467B000246233 /* Resources */ = {
			isa = PBXResourcesBuildPhase;
			buildActionMask = 2147483647;
			files = (
			);
			runOnlyForDeploymentPostprocessing = 0;
		};
		CC984074236467B000246233 /* Resources */ = {
			isa = PBXResourcesBuildPhase;
			buildActionMask = 2147483647;
			files = (
			);
			runOnlyForDeploymentPostprocessing = 0;
		};
/* End PBXResourcesBuildPhase section */

/* Begin PBXShellScriptBuildPhase section */
		158EAAA9ABA8D32C3ECC49CF /* [CP] Check Pods Manifest.lock */ = {
			isa = PBXShellScriptBuildPhase;
			buildActionMask = 2147483647;
			files = (
			);
			inputFileListPaths = (
			);
			inputPaths = (
				"${PODS_PODFILE_DIR_PATH}/Podfile.lock",
				"${PODS_ROOT}/Manifest.lock",
			);
			name = "[CP] Check Pods Manifest.lock";
			outputFileListPaths = (
			);
			outputPaths = (
				"$(DERIVED_FILE_DIR)/Pods-RGG_Digital-RGG_DigitalUITests-checkManifestLockResult.txt",
			);
			runOnlyForDeploymentPostprocessing = 0;
			shellPath = /bin/sh;
			shellScript = "diff \"${PODS_PODFILE_DIR_PATH}/Podfile.lock\" \"${PODS_ROOT}/Manifest.lock\" > /dev/null\nif [ $? != 0 ] ; then\n    # print error to STDERR\n    echo \"error: The sandbox is not in sync with the Podfile.lock. Run 'pod install' or update your CocoaPods installation.\" >&2\n    exit 1\nfi\n# This output is used by Xcode 'outputs' to avoid re-running this script phase.\necho \"SUCCESS\" > \"${SCRIPT_OUTPUT_FILE_0}\"\n";
			showEnvVarsInLog = 0;
		};
		172B757ECE37D2ACF7878162 /* [CP] Embed Pods Frameworks */ = {
			isa = PBXShellScriptBuildPhase;
			buildActionMask = 2147483647;
			files = (
			);
			inputFileListPaths = (
				"${PODS_ROOT}/Target Support Files/Pods-RGG_Digital-RGG_DigitalUITests/Pods-RGG_Digital-RGG_DigitalUITests-frameworks-${CONFIGURATION}-input-files.xcfilelist",
			);
			name = "[CP] Embed Pods Frameworks";
			outputFileListPaths = (
				"${PODS_ROOT}/Target Support Files/Pods-RGG_Digital-RGG_DigitalUITests/Pods-RGG_Digital-RGG_DigitalUITests-frameworks-${CONFIGURATION}-output-files.xcfilelist",
			);
			runOnlyForDeploymentPostprocessing = 0;
			shellPath = /bin/sh;
			shellScript = "\"${PODS_ROOT}/Target Support Files/Pods-RGG_Digital-RGG_DigitalUITests/Pods-RGG_Digital-RGG_DigitalUITests-frameworks.sh\"\n";
			showEnvVarsInLog = 0;
		};
		7728258B4A8172905B6E055D /* [CP] Check Pods Manifest.lock */ = {
			isa = PBXShellScriptBuildPhase;
			buildActionMask = 2147483647;
			files = (
			);
			inputFileListPaths = (
			);
			inputPaths = (
				"${PODS_PODFILE_DIR_PATH}/Podfile.lock",
				"${PODS_ROOT}/Manifest.lock",
			);
			name = "[CP] Check Pods Manifest.lock";
			outputFileListPaths = (
			);
			outputPaths = (
				"$(DERIVED_FILE_DIR)/Pods-RGG_DigitalTests-checkManifestLockResult.txt",
			);
			runOnlyForDeploymentPostprocessing = 0;
			shellPath = /bin/sh;
			shellScript = "diff \"${PODS_PODFILE_DIR_PATH}/Podfile.lock\" \"${PODS_ROOT}/Manifest.lock\" > /dev/null\nif [ $? != 0 ] ; then\n    # print error to STDERR\n    echo \"error: The sandbox is not in sync with the Podfile.lock. Run 'pod install' or update your CocoaPods installation.\" >&2\n    exit 1\nfi\n# This output is used by Xcode 'outputs' to avoid re-running this script phase.\necho \"SUCCESS\" > \"${SCRIPT_OUTPUT_FILE_0}\"\n";
			showEnvVarsInLog = 0;
		};
		BA038F030288150114AC6948 /* [CP] Check Pods Manifest.lock */ = {
			isa = PBXShellScriptBuildPhase;
			buildActionMask = 2147483647;
			files = (
			);
			inputFileListPaths = (
			);
			inputPaths = (
				"${PODS_PODFILE_DIR_PATH}/Podfile.lock",
				"${PODS_ROOT}/Manifest.lock",
			);
			name = "[CP] Check Pods Manifest.lock";
			outputFileListPaths = (
			);
			outputPaths = (
				"$(DERIVED_FILE_DIR)/Pods-RGG_Digital-checkManifestLockResult.txt",
			);
			runOnlyForDeploymentPostprocessing = 0;
			shellPath = /bin/sh;
			shellScript = "diff \"${PODS_PODFILE_DIR_PATH}/Podfile.lock\" \"${PODS_ROOT}/Manifest.lock\" > /dev/null\nif [ $? != 0 ] ; then\n    # print error to STDERR\n    echo \"error: The sandbox is not in sync with the Podfile.lock. Run 'pod install' or update your CocoaPods installation.\" >&2\n    exit 1\nfi\n# This output is used by Xcode 'outputs' to avoid re-running this script phase.\necho \"SUCCESS\" > \"${SCRIPT_OUTPUT_FILE_0}\"\n";
			showEnvVarsInLog = 0;
		};
		E1A4EA03D8CB7B6815991134 /* [CP] Embed Pods Frameworks */ = {
			isa = PBXShellScriptBuildPhase;
			buildActionMask = 2147483647;
			files = (
			);
			inputFileListPaths = (
				"${PODS_ROOT}/Target Support Files/Pods-RGG_Digital/Pods-RGG_Digital-frameworks-${CONFIGURATION}-input-files.xcfilelist",
			);
			name = "[CP] Embed Pods Frameworks";
			outputFileListPaths = (
				"${PODS_ROOT}/Target Support Files/Pods-RGG_Digital/Pods-RGG_Digital-frameworks-${CONFIGURATION}-output-files.xcfilelist",
			);
			runOnlyForDeploymentPostprocessing = 0;
			shellPath = /bin/sh;
			shellScript = "\"${PODS_ROOT}/Target Support Files/Pods-RGG_Digital/Pods-RGG_Digital-frameworks.sh\"\n";
			showEnvVarsInLog = 0;
		};
/* End PBXShellScriptBuildPhase section */

/* Begin PBXSourcesBuildPhase section */
		CC98404F236467AA00246233 /* Sources */ = {
			isa = PBXSourcesBuildPhase;
			buildActionMask = 2147483647;
			files = (
				CC9840CF236470DC00246233 /* LoginViewController.swift in Sources */,
				CC98405D236467AA00246233 /* NotifcationsViewController.swift in Sources */,
				CC42A26723D08FB2007DE8C1 /* Utilities.swift in Sources */,
				CC9840D3236470FE00246233 /* RegisterViewController.swift in Sources */,
				CC9840CB236470B200246233 /* MediaViewController.swift in Sources */,
				CC98405B236467AA00246233 /* HomeViewController.swift in Sources */,
				CCBD043C23D889D000F20457 /* HelperExtensions.swift in Sources */,
				CC984057236467AA00246233 /* AppDelegate.swift in Sources */,
				CC984059236467AA00246233 /* SceneDelegate.swift in Sources */,
				CC9840D72364796100246233 /* SettingsViewController.swift in Sources */,
				CC42A26223D08529007DE8C1 /* SignInViewController.swift in Sources */,
				CC9840DB2364894D00246233 /* DesignableView.swift in Sources */,
				CC960EA623D5B9BC0084754B /* Constants.swift in Sources */,
			);
			runOnlyForDeploymentPostprocessing = 0;
		};
		CC984067236467B000246233 /* Sources */ = {
			isa = PBXSourcesBuildPhase;
			buildActionMask = 2147483647;
			files = (
				CC9840D0236470DC00246233 /* LoginViewController.swift in Sources */,
				CC984070236467B000246233 /* RGG_DigitalTests.swift in Sources */,
				CC9840DC2364894D00246233 /* DesignableView.swift in Sources */,
				CC9840CC236470B200246233 /* MediaViewController.swift in Sources */,
				CC9840D82364796100246233 /* SettingsViewController.swift in Sources */,
				CC9840D4236470FE00246233 /* RegisterViewController.swift in Sources */,
			);
			runOnlyForDeploymentPostprocessing = 0;
		};
		CC984072236467B000246233 /* Sources */ = {
			isa = PBXSourcesBuildPhase;
			buildActionMask = 2147483647;
			files = (
				CC9840D1236470DC00246233 /* LoginViewController.swift in Sources */,
				CC98407B236467B000246233 /* RGG_DigitalUITests.swift in Sources */,
				CC9840DD2364894D00246233 /* DesignableView.swift in Sources */,
				CC9840CD236470B200246233 /* MediaViewController.swift in Sources */,
				CC9840D92364796100246233 /* SettingsViewController.swift in Sources */,
				CC9840D5236470FE00246233 /* RegisterViewController.swift in Sources */,
			);
			runOnlyForDeploymentPostprocessing = 0;
		};
/* End PBXSourcesBuildPhase section */

/* Begin PBXTargetDependency section */
		CC98406D236467B000246233 /* PBXTargetDependency */ = {
			isa = PBXTargetDependency;
			target = CC984052236467AA00246233 /* RGG_Digital */;
			targetProxy = CC98406C236467B000246233 /* PBXContainerItemProxy */;
		};
		CC984078236467B000246233 /* PBXTargetDependency */ = {
			isa = PBXTargetDependency;
			target = CC984052236467AA00246233 /* RGG_Digital */;
			targetProxy = CC984077236467B000246233 /* PBXContainerItemProxy */;
		};
/* End PBXTargetDependency section */

/* Begin PBXVariantGroup section */
		CC98405E236467AA00246233 /* Main.storyboard */ = {
			isa = PBXVariantGroup;
			children = (
				CC98405F236467AA00246233 /* Base */,
			);
			name = Main.storyboard;
			sourceTree = "<group>";
		};
		CC984063236467B000246233 /* LaunchScreen.storyboard */ = {
			isa = PBXVariantGroup;
			children = (
				CC984064236467B000246233 /* Base */,
			);
			name = LaunchScreen.storyboard;
			sourceTree = "<group>";
		};
/* End PBXVariantGroup section */

/* Begin XCBuildConfiguration section */
		CC98407D236467B000246233 /* Debug */ = {
			isa = XCBuildConfiguration;
			buildSettings = {
				ALWAYS_SEARCH_USER_PATHS = NO;
				CLANG_ANALYZER_NONNULL = YES;
				CLANG_ANALYZER_NUMBER_OBJECT_CONVERSION = YES_AGGRESSIVE;
				CLANG_CXX_LANGUAGE_STANDARD = "gnu++14";
				CLANG_CXX_LIBRARY = "libc++";
				CLANG_ENABLE_MODULES = YES;
				CLANG_ENABLE_OBJC_ARC = YES;
				CLANG_ENABLE_OBJC_WEAK = YES;
				CLANG_WARN_BLOCK_CAPTURE_AUTORELEASING = YES;
				CLANG_WARN_BOOL_CONVERSION = YES;
				CLANG_WARN_COMMA = YES;
				CLANG_WARN_CONSTANT_CONVERSION = YES;
				CLANG_WARN_DEPRECATED_OBJC_IMPLEMENTATIONS = YES;
				CLANG_WARN_DIRECT_OBJC_ISA_USAGE = YES_ERROR;
				CLANG_WARN_DOCUMENTATION_COMMENTS = YES;
				CLANG_WARN_EMPTY_BODY = YES;
				CLANG_WARN_ENUM_CONVERSION = YES;
				CLANG_WARN_INFINITE_RECURSION = YES;
				CLANG_WARN_INT_CONVERSION = YES;
				CLANG_WARN_NON_LITERAL_NULL_CONVERSION = YES;
				CLANG_WARN_OBJC_IMPLICIT_RETAIN_SELF = YES;
				CLANG_WARN_OBJC_LITERAL_CONVERSION = YES;
				CLANG_WARN_OBJC_ROOT_CLASS = YES_ERROR;
				CLANG_WARN_RANGE_LOOP_ANALYSIS = YES;
				CLANG_WARN_STRICT_PROTOTYPES = YES;
				CLANG_WARN_SUSPICIOUS_MOVE = YES;
				CLANG_WARN_UNGUARDED_AVAILABILITY = YES_AGGRESSIVE;
				CLANG_WARN_UNREACHABLE_CODE = YES;
				CLANG_WARN__DUPLICATE_METHOD_MATCH = YES;
				COPY_PHASE_STRIP = NO;
				DEBUG_INFORMATION_FORMAT = dwarf;
				ENABLE_STRICT_OBJC_MSGSEND = YES;
				ENABLE_TESTABILITY = YES;
				GCC_C_LANGUAGE_STANDARD = gnu11;
				GCC_DYNAMIC_NO_PIC = NO;
				GCC_NO_COMMON_BLOCKS = YES;
				GCC_OPTIMIZATION_LEVEL = 0;
				GCC_PREPROCESSOR_DEFINITIONS = (
					"DEBUG=1",
					"$(inherited)",
				);
				GCC_WARN_64_TO_32_BIT_CONVERSION = YES;
				GCC_WARN_ABOUT_RETURN_TYPE = YES_ERROR;
				GCC_WARN_UNDECLARED_SELECTOR = YES;
				GCC_WARN_UNINITIALIZED_AUTOS = YES_AGGRESSIVE;
				GCC_WARN_UNUSED_FUNCTION = YES;
				GCC_WARN_UNUSED_VARIABLE = YES;
				IPHONEOS_DEPLOYMENT_TARGET = 13.1;
				MTL_ENABLE_DEBUG_INFO = INCLUDE_SOURCE;
				MTL_FAST_MATH = YES;
				ONLY_ACTIVE_ARCH = YES;
				SDKROOT = iphoneos;
				SWIFT_ACTIVE_COMPILATION_CONDITIONS = DEBUG;
				SWIFT_OPTIMIZATION_LEVEL = "-Onone";
			};
			name = Debug;
		};
		CC98407E236467B000246233 /* Release */ = {
			isa = XCBuildConfiguration;
			buildSettings = {
				ALWAYS_SEARCH_USER_PATHS = NO;
				CLANG_ANALYZER_NONNULL = YES;
				CLANG_ANALYZER_NUMBER_OBJECT_CONVERSION = YES_AGGRESSIVE;
				CLANG_CXX_LANGUAGE_STANDARD = "gnu++14";
				CLANG_CXX_LIBRARY = "libc++";
				CLANG_ENABLE_MODULES = YES;
				CLANG_ENABLE_OBJC_ARC = YES;
				CLANG_ENABLE_OBJC_WEAK = YES;
				CLANG_WARN_BLOCK_CAPTURE_AUTORELEASING = YES;
				CLANG_WARN_BOOL_CONVERSION = YES;
				CLANG_WARN_COMMA = YES;
				CLANG_WARN_CONSTANT_CONVERSION = YES;
				CLANG_WARN_DEPRECATED_OBJC_IMPLEMENTATIONS = YES;
				CLANG_WARN_DIRECT_OBJC_ISA_USAGE = YES_ERROR;
				CLANG_WARN_DOCUMENTATION_COMMENTS = YES;
				CLANG_WARN_EMPTY_BODY = YES;
				CLANG_WARN_ENUM_CONVERSION = YES;
				CLANG_WARN_INFINITE_RECURSION = YES;
				CLANG_WARN_INT_CONVERSION = YES;
				CLANG_WARN_NON_LITERAL_NULL_CONVERSION = YES;
				CLANG_WARN_OBJC_IMPLICIT_RETAIN_SELF = YES;
				CLANG_WARN_OBJC_LITERAL_CONVERSION = YES;
				CLANG_WARN_OBJC_ROOT_CLASS = YES_ERROR;
				CLANG_WARN_RANGE_LOOP_ANALYSIS = YES;
				CLANG_WARN_STRICT_PROTOTYPES = YES;
				CLANG_WARN_SUSPICIOUS_MOVE = YES;
				CLANG_WARN_UNGUARDED_AVAILABILITY = YES_AGGRESSIVE;
				CLANG_WARN_UNREACHABLE_CODE = YES;
				CLANG_WARN__DUPLICATE_METHOD_MATCH = YES;
				COPY_PHASE_STRIP = NO;
				DEBUG_INFORMATION_FORMAT = "dwarf-with-dsym";
				ENABLE_NS_ASSERTIONS = NO;
				ENABLE_STRICT_OBJC_MSGSEND = YES;
				GCC_C_LANGUAGE_STANDARD = gnu11;
				GCC_NO_COMMON_BLOCKS = YES;
				GCC_WARN_64_TO_32_BIT_CONVERSION = YES;
				GCC_WARN_ABOUT_RETURN_TYPE = YES_ERROR;
				GCC_WARN_UNDECLARED_SELECTOR = YES;
				GCC_WARN_UNINITIALIZED_AUTOS = YES_AGGRESSIVE;
				GCC_WARN_UNUSED_FUNCTION = YES;
				GCC_WARN_UNUSED_VARIABLE = YES;
				IPHONEOS_DEPLOYMENT_TARGET = 13.1;
				MTL_ENABLE_DEBUG_INFO = NO;
				MTL_FAST_MATH = YES;
				SDKROOT = iphoneos;
				SWIFT_COMPILATION_MODE = wholemodule;
				SWIFT_OPTIMIZATION_LEVEL = "-O";
				VALIDATE_PRODUCT = YES;
			};
			name = Release;
		};
		CC984080236467B000246233 /* Debug */ = {
			isa = XCBuildConfiguration;
			baseConfigurationReference = 3B1B10A74DEE937CE4F52FDA /* Pods-RGG_Digital.debug.xcconfig */;
			buildSettings = {
				ASSETCATALOG_COMPILER_APPICON_NAME = AppIcon;
				CODE_SIGN_STYLE = Automatic;
				INFOPLIST_FILE = RGG_Digital/Info.plist;
				LD_RUNPATH_SEARCH_PATHS = (
					"$(inherited)",
					"@executable_path/Frameworks",
				);
				PRODUCT_BUNDLE_IDENTIFIER = "com.xvilakaz.RGG-Digital";
				PRODUCT_NAME = "$(TARGET_NAME)";
				SWIFT_VERSION = 5.0;
				TARGETED_DEVICE_FAMILY = "1,2";
			};
			name = Debug;
		};
		CC984081236467B000246233 /* Release */ = {
			isa = XCBuildConfiguration;
			baseConfigurationReference = B3131B0561628832CCDCBCC7 /* Pods-RGG_Digital.release.xcconfig */;
			buildSettings = {
				ASSETCATALOG_COMPILER_APPICON_NAME = AppIcon;
				CODE_SIGN_STYLE = Automatic;
				INFOPLIST_FILE = RGG_Digital/Info.plist;
				LD_RUNPATH_SEARCH_PATHS = (
					"$(inherited)",
					"@executable_path/Frameworks",
				);
				PRODUCT_BUNDLE_IDENTIFIER = "com.xvilakaz.RGG-Digital";
				PRODUCT_NAME = "$(TARGET_NAME)";
				SWIFT_VERSION = 5.0;
				TARGETED_DEVICE_FAMILY = "1,2";
			};
			name = Release;
		};
		CC984083236467B000246233 /* Debug */ = {
			isa = XCBuildConfiguration;
			baseConfigurationReference = E6AA47FC5FB1D8FDFB0294DE /* Pods-RGG_DigitalTests.debug.xcconfig */;
			buildSettings = {
				ALWAYS_EMBED_SWIFT_STANDARD_LIBRARIES = YES;
				BUNDLE_LOADER = "$(TEST_HOST)";
				CODE_SIGN_STYLE = Automatic;
				INFOPLIST_FILE = RGG_DigitalTests/Info.plist;
				IPHONEOS_DEPLOYMENT_TARGET = 13.1;
				LD_RUNPATH_SEARCH_PATHS = (
					"$(inherited)",
					"@executable_path/Frameworks",
					"@loader_path/Frameworks",
				);
				PRODUCT_BUNDLE_IDENTIFIER = "com.xvilakaz.RGG-DigitalTests";
				PRODUCT_NAME = "$(TARGET_NAME)";
				SWIFT_VERSION = 5.0;
				TARGETED_DEVICE_FAMILY = "1,2";
				TEST_HOST = "$(BUILT_PRODUCTS_DIR)/RGG_Digital.app/RGG_Digital";
			};
			name = Debug;
		};
		CC984084236467B000246233 /* Release */ = {
			isa = XCBuildConfiguration;
			baseConfigurationReference = 5F28D5BCD3BCF0230259E2B7 /* Pods-RGG_DigitalTests.release.xcconfig */;
			buildSettings = {
				ALWAYS_EMBED_SWIFT_STANDARD_LIBRARIES = YES;
				BUNDLE_LOADER = "$(TEST_HOST)";
				CODE_SIGN_STYLE = Automatic;
				INFOPLIST_FILE = RGG_DigitalTests/Info.plist;
				IPHONEOS_DEPLOYMENT_TARGET = 13.1;
				LD_RUNPATH_SEARCH_PATHS = (
					"$(inherited)",
					"@executable_path/Frameworks",
					"@loader_path/Frameworks",
				);
				PRODUCT_BUNDLE_IDENTIFIER = "com.xvilakaz.RGG-DigitalTests";
				PRODUCT_NAME = "$(TARGET_NAME)";
				SWIFT_VERSION = 5.0;
				TARGETED_DEVICE_FAMILY = "1,2";
				TEST_HOST = "$(BUILT_PRODUCTS_DIR)/RGG_Digital.app/RGG_Digital";
			};
			name = Release;
		};
		CC984086236467B000246233 /* Debug */ = {
			isa = XCBuildConfiguration;
			baseConfigurationReference = 9AC87531A20142AD33D4F203 /* Pods-RGG_Digital-RGG_DigitalUITests.debug.xcconfig */;
			buildSettings = {
				ALWAYS_EMBED_SWIFT_STANDARD_LIBRARIES = YES;
				CODE_SIGN_STYLE = Automatic;
				INFOPLIST_FILE = RGG_DigitalUITests/Info.plist;
				LD_RUNPATH_SEARCH_PATHS = (
					"$(inherited)",
					"@executable_path/Frameworks",
					"@loader_path/Frameworks",
				);
				PRODUCT_BUNDLE_IDENTIFIER = "com.xvilakaz.RGG-DigitalUITests";
				PRODUCT_NAME = "$(TARGET_NAME)";
				SWIFT_VERSION = 5.0;
				TARGETED_DEVICE_FAMILY = "1,2";
				TEST_TARGET_NAME = RGG_Digital;
			};
			name = Debug;
		};
		CC984087236467B000246233 /* Release */ = {
			isa = XCBuildConfiguration;
			baseConfigurationReference = F17AF1809F61D269392D0F53 /* Pods-RGG_Digital-RGG_DigitalUITests.release.xcconfig */;
			buildSettings = {
				ALWAYS_EMBED_SWIFT_STANDARD_LIBRARIES = YES;
				CODE_SIGN_STYLE = Automatic;
				INFOPLIST_FILE = RGG_DigitalUITests/Info.plist;
				LD_RUNPATH_SEARCH_PATHS = (
					"$(inherited)",
					"@executable_path/Frameworks",
					"@loader_path/Frameworks",
				);
				PRODUCT_BUNDLE_IDENTIFIER = "com.xvilakaz.RGG-DigitalUITests";
				PRODUCT_NAME = "$(TARGET_NAME)";
				SWIFT_VERSION = 5.0;
				TARGETED_DEVICE_FAMILY = "1,2";
				TEST_TARGET_NAME = RGG_Digital;
			};
			name = Release;
		};
/* End XCBuildConfiguration section */

/* Begin XCConfigurationList section */
		CC98404E236467AA00246233 /* Build configuration list for PBXProject "RGG_Digital" */ = {
			isa = XCConfigurationList;
			buildConfigurations = (
				CC98407D236467B000246233 /* Debug */,
				CC98407E236467B000246233 /* Release */,
			);
			defaultConfigurationIsVisible = 0;
			defaultConfigurationName = Release;
		};
		CC98407F236467B000246233 /* Build configuration list for PBXNativeTarget "RGG_Digital" */ = {
			isa = XCConfigurationList;
			buildConfigurations = (
				CC984080236467B000246233 /* Debug */,
				CC984081236467B000246233 /* Release */,
			);
			defaultConfigurationIsVisible = 0;
			defaultConfigurationName = Release;
		};
		CC984082236467B000246233 /* Build configuration list for PBXNativeTarget "RGG_DigitalTests" */ = {
			isa = XCConfigurationList;
			buildConfigurations = (
				CC984083236467B000246233 /* Debug */,
				CC984084236467B000246233 /* Release */,
			);
			defaultConfigurationIsVisible = 0;
			defaultConfigurationName = Release;
		};
		CC984085236467B000246233 /* Build configuration list for PBXNativeTarget "RGG_DigitalUITests" */ = {
			isa = XCConfigurationList;
			buildConfigurations = (
				CC984086236467B000246233 /* Debug */,
				CC984087236467B000246233 /* Release */,
			);
			defaultConfigurationIsVisible = 0;
			defaultConfigurationName = Release;
		};
/* End XCConfigurationList section */
	};
	rootObject = CC98404B236467AA00246233 /* Project object */;
}
